
Microsoft Visual Studio Solution File, Format Version 12.00
# Visual Studio Version 16
VisualStudioVersion = 16.0.30621.155
MinimumVisualStudioVersion = 10.0.40219.1
Project("{FAE04EC0-301F-11D3-BF4B-00C04F79EFBC}") = "Huetchenfahren", "Huetchenfahren.csproj", "{038502AA-0786-4FC5-872A-B2FBAF1193EE}"
EndProject
Global
	GlobalSection(SolutionConfigurationPlatforms) = preSolution
		Debug|Any CPU = Debug|Any CPU
		Release|Any CPU = Release|Any CPU
	EndGlobalSection
	GlobalSection(ProjectConfigurationPlatforms) = postSolution
		{038502AA-0786-4FC5-872A-B2FBAF1193EE}.Debug|Any CPU.ActiveCfg = Debug|Any CPU
		{038502AA-0786-4FC5-872A-B2FBAF1193EE}.Debug|Any CPU.Build.0 = Debug|Any CPU
		{038502AA-0786-4FC5-872A-B2FBAF1193EE}.Release|Any CPU.ActiveCfg = Release|Any CPU
		{038502AA-0786-4FC5-872A-B2FBAF1193EE}.Release|Any CPU.Build.0 = Release|Any CPU
	EndGlobalSection
	GlobalSection(SolutionProperties) = preSolution
		HideSolutionNode = FALSE
	EndGlobalSection
	GlobalSection(ExtensibilityGlobals) = postSolution
		SolutionGuid = {41DE8E49-9DF8-40B1-8C57-00FCF20BD4D2}
	EndGlobalSection
EndGlobal
